
Microsoft Visual Studio Solution File, Format Version 12.00
# Visual Studio 15
VisualStudioVersion = 15.0.27703.2042
MinimumVisualStudioVersion = 10.0.40219.1
Project("{FAE04EC0-301F-11D3-BF4B-00C04F79EFBC}") = "ProofOfConceptRabbitMQ", "ProofOfConceptRabbitMQ\ProofOfConceptRabbitMQ.csproj", "{D2621005-0246-41B9-AA41-EDF43CE31841}"
EndProject
Global
	GlobalSection(SolutionConfigurationPlatforms) = preSolution
		Debug|Any CPU = Debug|Any CPU
		Release|Any CPU = Release|Any CPU
	EndGlobalSection
	GlobalSection(ProjectConfigurationPlatforms) = postSolution
		{D2621005-0246-41B9-AA41-EDF43CE31841}.Debug|Any CPU.ActiveCfg = Debug|Any CPU
		{D2621005-0246-41B9-AA41-EDF43CE31841}.Debug|Any CPU.Build.0 = Debug|Any CPU
		{D2621005-0246-41B9-AA41-EDF43CE31841}.Release|Any CPU.ActiveCfg = Release|Any CPU
		{D2621005-0246-41B9-AA41-EDF43CE31841}.Release|Any CPU.Build.0 = Release|Any CPU
	EndGlobalSection
	GlobalSection(SolutionProperties) = preSolution
		HideSolutionNode = FALSE
	EndGlobalSection
	GlobalSection(ExtensibilityGlobals) = postSolution
		SolutionGuid = {BB8BAF1D-3088-41BB-B91F-27A07EB26F40}
	EndGlobalSection
EndGlobal
